# THIS IS AN AUTOGENERATED FILE. DO NOT EDIT THIS FILE DIRECTLY.
# yarn lockfile v1


animateplus@^1.4.0:
  version "1.4.0"
  resolved "https://registry.yarnpkg.com/animateplus/-/animateplus-1.4.0.tgz#e6a11c89dccfc6f923bb19e2cf7b6c9a103d1905"

fg-loadcss@^1.2.0:
  version "1.2.0"
  resolved "https://registry.yarnpkg.com/fg-loadcss/-/fg-loadcss-1.2.0.tgz#d4e35c809dd1501e4d51bdb803413afa2e7c42a2"

fontfaceobserver@^2.0.13:
  version "2.0.13"
  resolved "https://registry.yarnpkg.com/fontfaceobserver/-/fontfaceobserver-2.0.13.tgz#47adbb343261eda98cb44db2152196ff124d3221"

prismjs@^1.5.1:
  version "1.5.1"
  resolved "https://registry.yarnpkg.com/prismjs/-/prismjs-1.5.1.tgz#224990100ff6c2a7588d086be1a5ac62e83690f7"
