# THIS IS AN AUTOGENERATED FILE. DO NOT EDIT THIS FILE DIRECTLY.
# yarn lockfile v1


animateplus@^1.4.0:
  version "1.4.0"
  resolved "https://registry.yarnpkg.com/animateplus/-/animateplus-1.4.0.tgz#e6a11c89dccfc6f923bb19e2cf7b6c9a103d1905"

clipboard@^2.0.0:
  version "2.0.6"
  resolved "https://registry.yarnpkg.com/clipboard/-/clipboard-2.0.6.tgz#52921296eec0fdf77ead1749421b21c968647376"
  dependencies:
    good-listener "^1.2.2"
    select "^1.1.2"
    tiny-emitter "^2.0.0"

delegate@^3.1.2:
  version "3.2.0"
  resolved "https://registry.yarnpkg.com/delegate/-/delegate-3.2.0.tgz#b66b71c3158522e8ab5744f720d8ca0c2af59166"

fg-loadcss@^1.2.0:
  version "1.2.0"
  resolved "https://registry.yarnpkg.com/fg-loadcss/-/fg-loadcss-1.2.0.tgz#d4e35c809dd1501e4d51bdb803413afa2e7c42a2"

fontfaceobserver@^2.0.13:
  version "2.0.13"
  resolved "https://registry.yarnpkg.com/fontfaceobserver/-/fontfaceobserver-2.0.13.tgz#47adbb343261eda98cb44db2152196ff124d3221"

good-listener@^1.2.2:
  version "1.2.2"
  resolved "https://registry.yarnpkg.com/good-listener/-/good-listener-1.2.2.tgz#d53b30cdf9313dffb7dc9a0d477096aa6d145c50"
  dependencies:
    delegate "^3.1.2"

prismjs@^1.23.0:
  version "1.23.0"
  resolved "https://registry.yarnpkg.com/prismjs/-/prismjs-1.23.0.tgz#d3b3967f7d72440690497652a9d40ff046067f33"
  optionalDependencies:
    clipboard "^2.0.0"

select@^1.1.2:
  version "1.1.2"
  resolved "https://registry.yarnpkg.com/select/-/select-1.1.2.tgz#0e7350acdec80b1108528786ec1d4418d11b396d"

tiny-emitter@^2.0.0:
  version "2.1.0"
  resolved "https://registry.yarnpkg.com/tiny-emitter/-/tiny-emitter-2.1.0.tgz#1d1a56edfc51c43e863cbb5382a72330e3555423"
